
Microsoft Visual Studio Solution File, Format Version 12.00
# Visual Studio Version 17
VisualStudioVersion = 17.9.34607.119
MinimumVisualStudioVersion = 10.0.40219.1
Project("{FAE04EC0-301F-11D3-BF4B-00C04F79EFBC}") = "MyChat", "MyChat.csproj", "{797790F3-BACF-436A-A1EB-23BDCE39544B}"
EndProject
Global
	GlobalSection(SolutionConfigurationPlatforms) = preSolution
		Debug|Any CPU = Debug|Any CPU
		Release|Any CPU = Release|Any CPU
	EndGlobalSection
	GlobalSection(ProjectConfigurationPlatforms) = postSolution
		{797790F3-BACF-436A-A1EB-23BDCE39544B}.Debug|Any CPU.ActiveCfg = Debug|Any CPU
		{797790F3-BACF-436A-A1EB-23BDCE39544B}.Debug|Any CPU.Build.0 = Debug|Any CPU
		{797790F3-BACF-436A-A1EB-23BDCE39544B}.Release|Any CPU.ActiveCfg = Release|Any CPU
		{797790F3-BACF-436A-A1EB-23BDCE39544B}.Release|Any CPU.Build.0 = Release|Any CPU
	EndGlobalSection
	GlobalSection(SolutionProperties) = preSolution
		HideSolutionNode = FALSE
	EndGlobalSection
	GlobalSection(ExtensibilityGlobals) = postSolution
		SolutionGuid = {FF63AC7F-3B9E-47BE-BBFB-A25C6B64DB7D}
	EndGlobalSection
EndGlobal
